
Microsoft Visual Studio Solution File, Format Version 12.00
# Visual Studio 15
VisualStudioVersion = 15.0.26124.0
MinimumVisualStudioVersion = 15.0.26124.0
Project("{FAE04EC0-301F-11D3-BF4B-00C04F79EFBC}") = "Ex1Consumer", "src\Ex1Consumer\Ex1Consumer.csproj", "{C4D5395F-1485-430A-928F-3E7B46CC58E0}"
EndProject
Project("{FAE04EC0-301F-11D3-BF4B-00C04F79EFBC}") = "Ex1Publisher", "src\Ex1Publisher\Ex1Publisher.csproj", "{A26A4270-2252-497A-80D5-3F0D9A251D90}"
EndProject
Project("{2150E333-8FDC-42A3-9474-1A3956D46DE8}") = "Example1", "Example1", "{D0587E10-A282-11EA-9A5D-171ED9B3B639}"
EndProject
Project("{2150E333-8FDC-42A3-9474-1A3956D46DE8}") = "Example2", "Example2", "{F69ECBD0-A28A-11EA-9A5D-171ED9B3B639}"
EndProject
Project("{FAE04EC0-301F-11D3-BF4B-00C04F79EFBC}") = "Ex2Consumer", "src\Ex2Consumer\Ex2Consumer.csproj", "{AE44D511-89A1-47C8-A6AD-E2651F0BE6ED}"
EndProject
Project("{FAE04EC0-301F-11D3-BF4B-00C04F79EFBC}") = "Ex2Publisher", "src\Ex2Publisher\Ex2Publisher.csproj", "{03B250FB-C844-4D30-9FD8-E8746151D313}"
EndProject
Project("{2150E333-8FDC-42A3-9474-1A3956D46DE8}") = "Example3", "Example3", "{50FB8110-A298-11EA-8DDA-29999DC29BC5}"
EndProject
Project("{FAE04EC0-301F-11D3-BF4B-00C04F79EFBC}") = "Ex3Consumer", "src\Ex3Consumer\Ex3Consumer.csproj", "{0031EFEC-5E53-40E1-B419-3469B1BFD49F}"
EndProject
Project("{FAE04EC0-301F-11D3-BF4B-00C04F79EFBC}") = "Ex3Publisher", "src\Ex3Publisher\Ex3Publisher.csproj", "{CB447622-20FB-40F0-8E63-B0F3F88B6B0E}"
EndProject
Project("{FAE04EC0-301F-11D3-BF4B-00C04F79EFBC}") = "Ex4Publisher", "src\Ex4Publisher\Ex4Publisher.csproj", "{C3035483-67A7-4786-8DD9-9B4836375FA0}"
EndProject
Project("{2150E333-8FDC-42A3-9474-1A3956D46DE8}") = "Example4", "Example4", "{8D371EF0-A298-11EA-8DDA-29999DC29BC5}"
EndProject
Project("{FAE04EC0-301F-11D3-BF4B-00C04F79EFBC}") = "Ex4Consumer", "src\Ex4Consumer\Ex4Consumer.csproj", "{927D1003-2253-48C4-9FA6-6F5E389A0A63}"
EndProject
Global
	GlobalSection(SolutionConfigurationPlatforms) = preSolution
		Debug|Any CPU = Debug|Any CPU
		Debug|x64 = Debug|x64
		Debug|x86 = Debug|x86
		Release|Any CPU = Release|Any CPU
		Release|x64 = Release|x64
		Release|x86 = Release|x86
	EndGlobalSection
	GlobalSection(SolutionProperties) = preSolution
		HideSolutionNode = FALSE
	EndGlobalSection
	GlobalSection(ProjectConfigurationPlatforms) = postSolution
		{C4D5395F-1485-430A-928F-3E7B46CC58E0}.Debug|Any CPU.ActiveCfg = Debug|Any CPU
		{C4D5395F-1485-430A-928F-3E7B46CC58E0}.Debug|Any CPU.Build.0 = Debug|Any CPU
		{C4D5395F-1485-430A-928F-3E7B46CC58E0}.Debug|x64.ActiveCfg = Debug|Any CPU
		{C4D5395F-1485-430A-928F-3E7B46CC58E0}.Debug|x64.Build.0 = Debug|Any CPU
		{C4D5395F-1485-430A-928F-3E7B46CC58E0}.Debug|x86.ActiveCfg = Debug|Any CPU
		{C4D5395F-1485-430A-928F-3E7B46CC58E0}.Debug|x86.Build.0 = Debug|Any CPU
		{C4D5395F-1485-430A-928F-3E7B46CC58E0}.Release|Any CPU.ActiveCfg = Release|Any CPU
		{C4D5395F-1485-430A-928F-3E7B46CC58E0}.Release|Any CPU.Build.0 = Release|Any CPU
		{C4D5395F-1485-430A-928F-3E7B46CC58E0}.Release|x64.ActiveCfg = Release|Any CPU
		{C4D5395F-1485-430A-928F-3E7B46CC58E0}.Release|x64.Build.0 = Release|Any CPU
		{C4D5395F-1485-430A-928F-3E7B46CC58E0}.Release|x86.ActiveCfg = Release|Any CPU
		{C4D5395F-1485-430A-928F-3E7B46CC58E0}.Release|x86.Build.0 = Release|Any CPU
		{A26A4270-2252-497A-80D5-3F0D9A251D90}.Debug|Any CPU.ActiveCfg = Debug|Any CPU
		{A26A4270-2252-497A-80D5-3F0D9A251D90}.Debug|Any CPU.Build.0 = Debug|Any CPU
		{A26A4270-2252-497A-80D5-3F0D9A251D90}.Debug|x64.ActiveCfg = Debug|Any CPU
		{A26A4270-2252-497A-80D5-3F0D9A251D90}.Debug|x64.Build.0 = Debug|Any CPU
		{A26A4270-2252-497A-80D5-3F0D9A251D90}.Debug|x86.ActiveCfg = Debug|Any CPU
		{A26A4270-2252-497A-80D5-3F0D9A251D90}.Debug|x86.Build.0 = Debug|Any CPU
		{A26A4270-2252-497A-80D5-3F0D9A251D90}.Release|Any CPU.ActiveCfg = Release|Any CPU
		{A26A4270-2252-497A-80D5-3F0D9A251D90}.Release|Any CPU.Build.0 = Release|Any CPU
		{A26A4270-2252-497A-80D5-3F0D9A251D90}.Release|x64.ActiveCfg = Release|Any CPU
		{A26A4270-2252-497A-80D5-3F0D9A251D90}.Release|x64.Build.0 = Release|Any CPU
		{A26A4270-2252-497A-80D5-3F0D9A251D90}.Release|x86.ActiveCfg = Release|Any CPU
		{A26A4270-2252-497A-80D5-3F0D9A251D90}.Release|x86.Build.0 = Release|Any CPU
		{AE44D511-89A1-47C8-A6AD-E2651F0BE6ED}.Debug|Any CPU.ActiveCfg = Debug|Any CPU
		{AE44D511-89A1-47C8-A6AD-E2651F0BE6ED}.Debug|Any CPU.Build.0 = Debug|Any CPU
		{AE44D511-89A1-47C8-A6AD-E2651F0BE6ED}.Debug|x64.ActiveCfg = Debug|Any CPU
		{AE44D511-89A1-47C8-A6AD-E2651F0BE6ED}.Debug|x64.Build.0 = Debug|Any CPU
		{AE44D511-89A1-47C8-A6AD-E2651F0BE6ED}.Debug|x86.ActiveCfg = Debug|Any CPU
		{AE44D511-89A1-47C8-A6AD-E2651F0BE6ED}.Debug|x86.Build.0 = Debug|Any CPU
		{AE44D511-89A1-47C8-A6AD-E2651F0BE6ED}.Release|Any CPU.ActiveCfg = Release|Any CPU
		{AE44D511-89A1-47C8-A6AD-E2651F0BE6ED}.Release|Any CPU.Build.0 = Release|Any CPU
		{AE44D511-89A1-47C8-A6AD-E2651F0BE6ED}.Release|x64.ActiveCfg = Release|Any CPU
		{AE44D511-89A1-47C8-A6AD-E2651F0BE6ED}.Release|x64.Build.0 = Release|Any CPU
		{AE44D511-89A1-47C8-A6AD-E2651F0BE6ED}.Release|x86.ActiveCfg = Release|Any CPU
		{AE44D511-89A1-47C8-A6AD-E2651F0BE6ED}.Release|x86.Build.0 = Release|Any CPU
		{03B250FB-C844-4D30-9FD8-E8746151D313}.Debug|Any CPU.ActiveCfg = Debug|Any CPU
		{03B250FB-C844-4D30-9FD8-E8746151D313}.Debug|Any CPU.Build.0 = Debug|Any CPU
		{03B250FB-C844-4D30-9FD8-E8746151D313}.Debug|x64.ActiveCfg = Debug|Any CPU
		{03B250FB-C844-4D30-9FD8-E8746151D313}.Debug|x64.Build.0 = Debug|Any CPU
		{03B250FB-C844-4D30-9FD8-E8746151D313}.Debug|x86.ActiveCfg = Debug|Any CPU
		{03B250FB-C844-4D30-9FD8-E8746151D313}.Debug|x86.Build.0 = Debug|Any CPU
		{03B250FB-C844-4D30-9FD8-E8746151D313}.Release|Any CPU.ActiveCfg = Release|Any CPU
		{03B250FB-C844-4D30-9FD8-E8746151D313}.Release|Any CPU.Build.0 = Release|Any CPU
		{03B250FB-C844-4D30-9FD8-E8746151D313}.Release|x64.ActiveCfg = Release|Any CPU
		{03B250FB-C844-4D30-9FD8-E8746151D313}.Release|x64.Build.0 = Release|Any CPU
		{03B250FB-C844-4D30-9FD8-E8746151D313}.Release|x86.ActiveCfg = Release|Any CPU
		{03B250FB-C844-4D30-9FD8-E8746151D313}.Release|x86.Build.0 = Release|Any CPU
		{0031EFEC-5E53-40E1-B419-3469B1BFD49F}.Debug|Any CPU.ActiveCfg = Debug|Any CPU
		{0031EFEC-5E53-40E1-B419-3469B1BFD49F}.Debug|Any CPU.Build.0 = Debug|Any CPU
		{0031EFEC-5E53-40E1-B419-3469B1BFD49F}.Debug|x64.ActiveCfg = Debug|Any CPU
		{0031EFEC-5E53-40E1-B419-3469B1BFD49F}.Debug|x64.Build.0 = Debug|Any CPU
		{0031EFEC-5E53-40E1-B419-3469B1BFD49F}.Debug|x86.ActiveCfg = Debug|Any CPU
		{0031EFEC-5E53-40E1-B419-3469B1BFD49F}.Debug|x86.Build.0 = Debug|Any CPU
		{0031EFEC-5E53-40E1-B419-3469B1BFD49F}.Release|Any CPU.ActiveCfg = Release|Any CPU
		{0031EFEC-5E53-40E1-B419-3469B1BFD49F}.Release|Any CPU.Build.0 = Release|Any CPU
		{0031EFEC-5E53-40E1-B419-3469B1BFD49F}.Release|x64.ActiveCfg = Release|Any CPU
		{0031EFEC-5E53-40E1-B419-3469B1BFD49F}.Release|x64.Build.0 = Release|Any CPU
		{0031EFEC-5E53-40E1-B419-3469B1BFD49F}.Release|x86.ActiveCfg = Release|Any CPU
		{0031EFEC-5E53-40E1-B419-3469B1BFD49F}.Release|x86.Build.0 = Release|Any CPU
		{CB447622-20FB-40F0-8E63-B0F3F88B6B0E}.Debug|Any CPU.ActiveCfg = Debug|Any CPU
		{CB447622-20FB-40F0-8E63-B0F3F88B6B0E}.Debug|Any CPU.Build.0 = Debug|Any CPU
		{CB447622-20FB-40F0-8E63-B0F3F88B6B0E}.Debug|x64.ActiveCfg = Debug|Any CPU
		{CB447622-20FB-40F0-8E63-B0F3F88B6B0E}.Debug|x64.Build.0 = Debug|Any CPU
		{CB447622-20FB-40F0-8E63-B0F3F88B6B0E}.Debug|x86.ActiveCfg = Debug|Any CPU
		{CB447622-20FB-40F0-8E63-B0F3F88B6B0E}.Debug|x86.Build.0 = Debug|Any CPU
		{CB447622-20FB-40F0-8E63-B0F3F88B6B0E}.Release|Any CPU.ActiveCfg = Release|Any CPU
		{CB447622-20FB-40F0-8E63-B0F3F88B6B0E}.Release|Any CPU.Build.0 = Release|Any CPU
		{CB447622-20FB-40F0-8E63-B0F3F88B6B0E}.Release|x64.ActiveCfg = Release|Any CPU
		{CB447622-20FB-40F0-8E63-B0F3F88B6B0E}.Release|x64.Build.0 = Release|Any CPU
		{CB447622-20FB-40F0-8E63-B0F3F88B6B0E}.Release|x86.ActiveCfg = Release|Any CPU
		{CB447622-20FB-40F0-8E63-B0F3F88B6B0E}.Release|x86.Build.0 = Release|Any CPU
		{C3035483-67A7-4786-8DD9-9B4836375FA0}.Debug|Any CPU.ActiveCfg = Debug|Any CPU
		{C3035483-67A7-4786-8DD9-9B4836375FA0}.Debug|Any CPU.Build.0 = Debug|Any CPU
		{C3035483-67A7-4786-8DD9-9B4836375FA0}.Debug|x64.ActiveCfg = Debug|Any CPU
		{C3035483-67A7-4786-8DD9-9B4836375FA0}.Debug|x64.Build.0 = Debug|Any CPU
		{C3035483-67A7-4786-8DD9-9B4836375FA0}.Debug|x86.ActiveCfg = Debug|Any CPU
		{C3035483-67A7-4786-8DD9-9B4836375FA0}.Debug|x86.Build.0 = Debug|Any CPU
		{C3035483-67A7-4786-8DD9-9B4836375FA0}.Release|Any CPU.ActiveCfg = Release|Any CPU
		{C3035483-67A7-4786-8DD9-9B4836375FA0}.Release|Any CPU.Build.0 = Release|Any CPU
		{C3035483-67A7-4786-8DD9-9B4836375FA0}.Release|x64.ActiveCfg = Release|Any CPU
		{C3035483-67A7-4786-8DD9-9B4836375FA0}.Release|x64.Build.0 = Release|Any CPU
		{C3035483-67A7-4786-8DD9-9B4836375FA0}.Release|x86.ActiveCfg = Release|Any CPU
		{C3035483-67A7-4786-8DD9-9B4836375FA0}.Release|x86.Build.0 = Release|Any CPU
		{927D1003-2253-48C4-9FA6-6F5E389A0A63}.Debug|Any CPU.ActiveCfg = Debug|Any CPU
		{927D1003-2253-48C4-9FA6-6F5E389A0A63}.Debug|Any CPU.Build.0 = Debug|Any CPU
		{927D1003-2253-48C4-9FA6-6F5E389A0A63}.Debug|x64.ActiveCfg = Debug|Any CPU
		{927D1003-2253-48C4-9FA6-6F5E389A0A63}.Debug|x64.Build.0 = Debug|Any CPU
		{927D1003-2253-48C4-9FA6-6F5E389A0A63}.Debug|x86.ActiveCfg = Debug|Any CPU
		{927D1003-2253-48C4-9FA6-6F5E389A0A63}.Debug|x86.Build.0 = Debug|Any CPU
		{927D1003-2253-48C4-9FA6-6F5E389A0A63}.Release|Any CPU.ActiveCfg = Release|Any CPU
		{927D1003-2253-48C4-9FA6-6F5E389A0A63}.Release|Any CPU.Build.0 = Release|Any CPU
		{927D1003-2253-48C4-9FA6-6F5E389A0A63}.Release|x64.ActiveCfg = Release|Any CPU
		{927D1003-2253-48C4-9FA6-6F5E389A0A63}.Release|x64.Build.0 = Release|Any CPU
		{927D1003-2253-48C4-9FA6-6F5E389A0A63}.Release|x86.ActiveCfg = Release|Any CPU
		{927D1003-2253-48C4-9FA6-6F5E389A0A63}.Release|x86.Build.0 = Release|Any CPU
	EndGlobalSection
	GlobalSection(NestedProjects) = preSolution
		{C4D5395F-1485-430A-928F-3E7B46CC58E0} = {D0587E10-A282-11EA-9A5D-171ED9B3B639}
		{A26A4270-2252-497A-80D5-3F0D9A251D90} = {D0587E10-A282-11EA-9A5D-171ED9B3B639}
		{AE44D511-89A1-47C8-A6AD-E2651F0BE6ED} = {F69ECBD0-A28A-11EA-9A5D-171ED9B3B639}
		{03B250FB-C844-4D30-9FD8-E8746151D313} = {F69ECBD0-A28A-11EA-9A5D-171ED9B3B639}
		{0031EFEC-5E53-40E1-B419-3469B1BFD49F} = {50FB8110-A298-11EA-8DDA-29999DC29BC5}
		{CB447622-20FB-40F0-8E63-B0F3F88B6B0E} = {50FB8110-A298-11EA-8DDA-29999DC29BC5}
		{C3035483-67A7-4786-8DD9-9B4836375FA0} = {8D371EF0-A298-11EA-8DDA-29999DC29BC5}
		{927D1003-2253-48C4-9FA6-6F5E389A0A63} = {8D371EF0-A298-11EA-8DDA-29999DC29BC5}
	EndGlobalSection
EndGlobal
